// !$*UTF8*$!
{
	archiveVersion = 1;
	classes = {
	};
	objectVersion = 55;
	objects = {

/* Begin PBXBuildFile section */
		01BCB699A0679B5D7DA9EA2D /* AboutSpeakerInteractorOutput.swift in Sources */ = {isa = PBXBuildFile; fileRef = E5414A96DE4AA886C6AE39E3 /* AboutSpeakerInteractorOutput.swift */; };
		02B21EE302AF352E449B7261 /* AboutSpeakerModuleInput.swift in Sources */ = {isa = PBXBuildFile; fileRef = 66F6DCADA43FFE44F93E3A79 /* AboutSpeakerModuleInput.swift */; };
		0864842251EFE6DAC1A797DC /* ScheduleConfigurator.swift in Sources */ = {isa = PBXBuildFile; fileRef = BA8227C2EB8648D63422F134 /* ScheduleConfigurator.swift */; };
		0F80E1C76A9A10F8BA51E9DE /* EventDetailsRouterInput.swift in Sources */ = {isa = PBXBuildFile; fileRef = 262E70EC7B3AC7F9389623CC /* EventDetailsRouterInput.swift */; };
		14B07DF048CDFFEE8DA5D44D /* AboutSpeakerRouterInput.swift in Sources */ = {isa = PBXBuildFile; fileRef = BC1FB01F5E6AA126087EB048 /* AboutSpeakerRouterInput.swift */; };
		1809A2FF287EC3AA0092F719 /* String.swift in Sources */ = {isa = PBXBuildFile; fileRef = 1809A2FE287EC3AA0092F719 /* String.swift */; };
		1809A301287EC9E60092F719 /* ScheduleResponse.swift in Sources */ = {isa = PBXBuildFile; fileRef = 1809A300287EC9E60092F719 /* ScheduleResponse.swift */; };
		1809A303287ECB080092F719 /* EventResponse.swift in Sources */ = {isa = PBXBuildFile; fileRef = 1809A302287ECB080092F719 /* EventResponse.swift */; };
		1809A305287ECB310092F719 /* SpeakerResponse.swift in Sources */ = {isa = PBXBuildFile; fileRef = 1809A304287ECB310092F719 /* SpeakerResponse.swift */; };
		1809A307287ECF110092F719 /* AuthorizationMethod.swift in Sources */ = {isa = PBXBuildFile; fileRef = 1809A306287ECF110092F719 /* AuthorizationMethod.swift */; };
		1809A30B28853F870092F719 /* EventDetailsTableViewCell.swift in Sources */ = {isa = PBXBuildFile; fileRef = 1809A30928853F870092F719 /* EventDetailsTableViewCell.swift */; };
		1809A30C28853F870092F719 /* EventDetailsTableViewCell.xib in Resources */ = {isa = PBXBuildFile; fileRef = 1809A30A28853F870092F719 /* EventDetailsTableViewCell.xib */; };
		181BBC602846E1F6009BA10C /* EventScheduleServiceProtocol.swift in Sources */ = {isa = PBXBuildFile; fileRef = 181BBC5F2846E1F6009BA10C /* EventScheduleServiceProtocol.swift */; };
		181BBC622846E598009BA10C /* ScheduleTableViewCellInput.swift in Sources */ = {isa = PBXBuildFile; fileRef = 181BBC612846E598009BA10C /* ScheduleTableViewCellInput.swift */; };
		181BBC642846E5B1009BA10C /* ScheduleTableViewCellOutput.swift in Sources */ = {isa = PBXBuildFile; fileRef = 181BBC632846E5B1009BA10C /* ScheduleTableViewCellOutput.swift */; };
		181BBC6C284A5110009BA10C /* HeaderView.swift in Sources */ = {isa = PBXBuildFile; fileRef = 181BBC6B284A5110009BA10C /* HeaderView.swift */; };
		181F22862853432100CB60EE /* GoogleService-Info.plist in Resources */ = {isa = PBXBuildFile; fileRef = 181F22852853432100CB60EE /* GoogleService-Info.plist */; };
		181F22882853441500CB60EE /* UIViewController.swift in Sources */ = {isa = PBXBuildFile; fileRef = 181F22872853441500CB60EE /* UIViewController.swift */; };
		181F228A2853446300CB60EE /* AuthProvider.swift in Sources */ = {isa = PBXBuildFile; fileRef = 181F22892853446300CB60EE /* AuthProvider.swift */; };
		181F228C2853447700CB60EE /* UserAuthenticationRequirements.swift in Sources */ = {isa = PBXBuildFile; fileRef = 181F228B2853447700CB60EE /* UserAuthenticationRequirements.swift */; };
		181F229028583D8000CB60EE /* Localizable.strings in Resources */ = {isa = PBXBuildFile; fileRef = 181F229228583D8000CB60EE /* Localizable.strings */; };
		182649D228366CD800D938C1 /* AppDelegate.swift in Sources */ = {isa = PBXBuildFile; fileRef = 182649D128366CD800D938C1 /* AppDelegate.swift */; };
		182649D428366CD800D938C1 /* SceneDelegate.swift in Sources */ = {isa = PBXBuildFile; fileRef = 182649D328366CD800D938C1 /* SceneDelegate.swift */; };
		182649D928366CD800D938C1 /* Main.storyboard in Resources */ = {isa = PBXBuildFile; fileRef = 182649D728366CD800D938C1 /* Main.storyboard */; };
		182649DC28366CD800D938C1 /* TopEvent.xcdatamodeld in Sources */ = {isa = PBXBuildFile; fileRef = 182649DA28366CD800D938C1 /* TopEvent.xcdatamodeld */; };
		182649DE28366CD900D938C1 /* Assets.xcassets in Resources */ = {isa = PBXBuildFile; fileRef = 182649DD28366CD900D938C1 /* Assets.xcassets */; };
		182649E128366CD900D938C1 /* LaunchScreen.storyboard in Resources */ = {isa = PBXBuildFile; fileRef = 182649DF28366CD900D938C1 /* LaunchScreen.storyboard */; };
		182F9949283BA31600F41181 /* ScheduleTableViewController.swift in Sources */ = {isa = PBXBuildFile; fileRef = 182F9948283BA31600F41181 /* ScheduleTableViewController.swift */; };
		182F994C283BA3B700F41181 /* ScheduleTableViewCell.swift in Sources */ = {isa = PBXBuildFile; fileRef = 182F994A283BA3B700F41181 /* ScheduleTableViewCell.swift */; };
		182F994D283BA3B700F41181 /* ScheduleTableViewCell.xib in Resources */ = {isa = PBXBuildFile; fileRef = 182F994B283BA3B700F41181 /* ScheduleTableViewCell.xib */; };
		182F9950283BBE5300F41181 /* User.swift in Sources */ = {isa = PBXBuildFile; fileRef = 182F994F283BBE5300F41181 /* User.swift */; };
		182F9952283C1C2D00F41181 /* Event.swift in Sources */ = {isa = PBXBuildFile; fileRef = 182F9951283C1C2D00F41181 /* Event.swift */; };
		182F9954283C22B600F41181 /* Speaker.swift in Sources */ = {isa = PBXBuildFile; fileRef = 182F9953283C22B600F41181 /* Speaker.swift */; };
		182F9959283CC97000F41181 /* SchedulePresenter.swift in Sources */ = {isa = PBXBuildFile; fileRef = 182F9958283CC97000F41181 /* SchedulePresenter.swift */; };
		182F995B283CC9BA00F41181 /* ScheduleInteractor.swift in Sources */ = {isa = PBXBuildFile; fileRef = 182F995A283CC9BA00F41181 /* ScheduleInteractor.swift */; };
		182F995F283CCA3F00F41181 /* ScheduleRouter.swift in Sources */ = {isa = PBXBuildFile; fileRef = 182F995E283CCA3F00F41181 /* ScheduleRouter.swift */; };
		182F99C8284113EA00F41181 /* FormattingUtils.swift in Sources */ = {isa = PBXBuildFile; fileRef = 182F99C7284113EA00F41181 /* FormattingUtils.swift */; };
		182F99CA2841156400F41181 /* EventScheduleFromServer.swift in Sources */ = {isa = PBXBuildFile; fileRef = 182F99C92841156400F41181 /* EventScheduleFromServer.swift */; };
		182F99D1284118E500F41181 /* SpeakerModel+CoreDataClass.swift in Sources */ = {isa = PBXBuildFile; fileRef = 182F99CB284118E500F41181 /* SpeakerModel+CoreDataClass.swift */; };
		182F99D2284118E500F41181 /* SpeakerModel+CoreDataProperties.swift in Sources */ = {isa = PBXBuildFile; fileRef = 182F99CC284118E500F41181 /* SpeakerModel+CoreDataProperties.swift */; };
		182F99D5284118E500F41181 /* EventModel+CoreDataClass.swift in Sources */ = {isa = PBXBuildFile; fileRef = 182F99CF284118E500F41181 /* EventModel+CoreDataClass.swift */; };
		182F99D6284118E500F41181 /* EventModel+CoreDataProperties.swift in Sources */ = {isa = PBXBuildFile; fileRef = 182F99D0284118E500F41181 /* EventModel+CoreDataProperties.swift */; };
		182F99DE28411CCE00F41181 /* UserModel+CoreDataClass.swift in Sources */ = {isa = PBXBuildFile; fileRef = 182F99DC28411CCE00F41181 /* UserModel+CoreDataClass.swift */; };
		182F99DF28411CCE00F41181 /* UserModel+CoreDataProperties.swift in Sources */ = {isa = PBXBuildFile; fileRef = 182F99DD28411CCE00F41181 /* UserModel+CoreDataProperties.swift */; };
		182F99E128411DAE00F41181 /* EventStorageService.swift in Sources */ = {isa = PBXBuildFile; fileRef = 182F99E028411DAE00F41181 /* EventStorageService.swift */; };
		182F99E328438F7100F41181 /* EventStorageServiceProtocol.swift in Sources */ = {isa = PBXBuildFile; fileRef = 182F99E228438F7100F41181 /* EventStorageServiceProtocol.swift */; };
		1830D01A284F60DF00CEC234 /* Collection.swift in Sources */ = {isa = PBXBuildFile; fileRef = 1830D019284F60DF00CEC234 /* Collection.swift */; };
		1B5EA7D003C1AF220BEA15DD /* EventDetailsInteractor.swift in Sources */ = {isa = PBXBuildFile; fileRef = 8ADD02E3E11EF53CD4F015A8 /* EventDetailsInteractor.swift */; };
		275825B1E2833821E365FE40 /* ScheduleViewOutput.swift in Sources */ = {isa = PBXBuildFile; fileRef = 34254EFC03CCF10621F6CDD8 /* ScheduleViewOutput.swift */; };
		2854E07BD8B1136790D453B7 /* AboutSpeakerPresenter.swift in Sources */ = {isa = PBXBuildFile; fileRef = 585160073CA23E65A30804DA /* AboutSpeakerPresenter.swift */; };
		3640ACBF297A467216D81393 /* AboutSpeakerConfigurator.swift in Sources */ = {isa = PBXBuildFile; fileRef = B286DC6537EAD98E5728A59D /* AboutSpeakerConfigurator.swift */; };
		3F0E9199602C07B7A8772132 /* AboutSpeakerViewOutput.swift in Sources */ = {isa = PBXBuildFile; fileRef = E648C92E1FAAEA41D2879767 /* AboutSpeakerViewOutput.swift */; };
		409398A727EA7C71FA7D6322 /* ScheduleViewInput.swift in Sources */ = {isa = PBXBuildFile; fileRef = 6A7C6F4679A4BDD89B1D543C /* ScheduleViewInput.swift */; };
		520EAC78C69E777581D4EAC4 /* EventDetailsViewOutput.swift in Sources */ = {isa = PBXBuildFile; fileRef = E90EB73A4FADC4153F1CD5A0 /* EventDetailsViewOutput.swift */; };
		6AC369BD69FCE52856FB3B11 /* ScheduleInteractorInput.swift in Sources */ = {isa = PBXBuildFile; fileRef = 3B743034094711574B6489C3 /* ScheduleInteractorInput.swift */; };
		762434D2DF5C006B74F1D947 /* EventDetailsModuleInput.swift in Sources */ = {isa = PBXBuildFile; fileRef = 740BB398768AA3A3892851C5 /* EventDetailsModuleInput.swift */; };
		797AFD848C48A2EBA1C81FBC /* EventDetailsInteractorOutput.swift in Sources */ = {isa = PBXBuildFile; fileRef = D449CC7CEBFDA8D502C64940 /* EventDetailsInteractorOutput.swift */; };
		7B770E295FE6D6F468EFEA8A /* EventDetailsViewController.swift in Sources */ = {isa = PBXBuildFile; fileRef = 7B3974D2234634637F1F63D6 /* EventDetailsViewController.swift */; };
		839E3997DBD7F7A01AE52E7E /* AboutSpeakerViewInput.swift in Sources */ = {isa = PBXBuildFile; fileRef = 660DA75B59FA3C28F67316D7 /* AboutSpeakerViewInput.swift */; };
		8B177FF20C1DEF67B8E0F269 /* EventDetailsInteractorInput.swift in Sources */ = {isa = PBXBuildFile; fileRef = F51474A0B7A62E6CE9DF0B8E /* EventDetailsInteractorInput.swift */; };
		9372ECA4F93D5C9948AA3793 /* AboutSpeakerViewController.swift in Sources */ = {isa = PBXBuildFile; fileRef = D2614DB1CA4CCBED0B17F3A0 /* AboutSpeakerViewController.swift */; };
		9AAAD521277CE15595B01F79 /* ScheduleInteractorOutput.swift in Sources */ = {isa = PBXBuildFile; fileRef = F3DC1B5F66F00CBEF35ADF96 /* ScheduleInteractorOutput.swift */; };
		9AC1E76275E117E115FFA66D /* AboutSpeakerInteractor.swift in Sources */ = {isa = PBXBuildFile; fileRef = 4671C615E6F71B26079065E7 /* AboutSpeakerInteractor.swift */; };
		ABE8FFB8B824A2882CB3DF70 /* ScheduleInitializer.swift in Sources */ = {isa = PBXBuildFile; fileRef = C841D51A80E1AC11D53912C0 /* ScheduleInitializer.swift */; };
		B0976110949AD592E11CEE7D /* AboutSpeakerRouter.swift in Sources */ = {isa = PBXBuildFile; fileRef = B1B9B8BA50C7527119BCD22B /* AboutSpeakerRouter.swift */; };
		B42A292B4007A12A43D8FA28 /* EventDetailsViewInput.swift in Sources */ = {isa = PBXBuildFile; fileRef = 7BCB1B6F712BF5120AEE6400 /* EventDetailsViewInput.swift */; };
		B52FDFE66BBAB5F62E590BAA /* EventDetailsConfigurator.swift in Sources */ = {isa = PBXBuildFile; fileRef = 4B76E4F9BF8D63547F543B96 /* EventDetailsConfigurator.swift */; };
		B87C89C10916942E4AFA8BC6 /* EventDetailsInitializer.swift in Sources */ = {isa = PBXBuildFile; fileRef = 31E6775D1C9CAFB3A3A4E73E /* EventDetailsInitializer.swift */; };
		BECF19BF6731175228BD7422 /* EventDetailsPresenter.swift in Sources */ = {isa = PBXBuildFile; fileRef = 8CE3442C9683CD1255BF66AC /* EventDetailsPresenter.swift */; };
		D7836FA4FD7DDB55308DA33B /* ScheduleRouterInput.swift in Sources */ = {isa = PBXBuildFile; fileRef = FED4E1AF665A5A3E88FA7298 /* ScheduleRouterInput.swift */; };
		D7D496E8D10A16D97AF0A07C /* AboutSpeakerInitializer.swift in Sources */ = {isa = PBXBuildFile; fileRef = 06494936AB9124CDE465B7F3 /* AboutSpeakerInitializer.swift */; };
		E013214B8752BB0994B9026E /* EventDetailsRouter.swift in Sources */ = {isa = PBXBuildFile; fileRef = CF7F3C09D9EFEFEE1F9A7803 /* EventDetailsRouter.swift */; };
		E0B0A8CAF6283091F51A5EB3 /* ScheduleModuleInput.swift in Sources */ = {isa = PBXBuildFile; fileRef = F87BBF5FC9ECA6BD060EB6BB /* ScheduleModuleInput.swift */; };
		F24AE5C845390BD208513287 /* AboutSpeakerInteractorInput.swift in Sources */ = {isa = PBXBuildFile; fileRef = 2B791F6B25090290569612BD /* AboutSpeakerInteractorInput.swift */; };
		F85BAB7CC41F433A8EA7E765 /* Pods_TopEvent.framework in Frameworks */ = {isa = PBXBuildFile; fileRef = CBF16A85E2BBC47F4CD57609 /* Pods_TopEvent.framework */; };
/* End PBXBuildFile section */

/* Begin PBXFileReference section */
		06494936AB9124CDE465B7F3 /* AboutSpeakerInitializer.swift */ = {isa = PBXFileReference; includeInIndex = 1; lastKnownFileType = sourcecode.swift; path = AboutSpeakerInitializer.swift; sourceTree = "<group>"; };
		1809A2FE287EC3AA0092F719 /* String.swift */ = {isa = PBXFileReference; lastKnownFileType = sourcecode.swift; path = String.swift; sourceTree = "<group>"; };
		1809A300287EC9E60092F719 /* ScheduleResponse.swift */ = {isa = PBXFileReference; lastKnownFileType = sourcecode.swift; path = ScheduleResponse.swift; sourceTree = "<group>"; };
		1809A302287ECB080092F719 /* EventResponse.swift */ = {isa = PBXFileReference; lastKnownFileType = sourcecode.swift; path = EventResponse.swift; sourceTree = "<group>"; };
		1809A304287ECB310092F719 /* SpeakerResponse.swift */ = {isa = PBXFileReference; lastKnownFileType = sourcecode.swift; path = SpeakerResponse.swift; sourceTree = "<group>"; };
		1809A306287ECF110092F719 /* AuthorizationMethod.swift */ = {isa = PBXFileReference; lastKnownFileType = sourcecode.swift; path = AuthorizationMethod.swift; sourceTree = "<group>"; };
		1809A30928853F870092F719 /* EventDetailsTableViewCell.swift */ = {isa = PBXFileReference; lastKnownFileType = sourcecode.swift; path = EventDetailsTableViewCell.swift; sourceTree = "<group>"; };
		1809A30A28853F870092F719 /* EventDetailsTableViewCell.xib */ = {isa = PBXFileReference; lastKnownFileType = file.xib; path = EventDetailsTableViewCell.xib; sourceTree = "<group>"; };
		181BBC5F2846E1F6009BA10C /* EventScheduleServiceProtocol.swift */ = {isa = PBXFileReference; lastKnownFileType = sourcecode.swift; path = EventScheduleServiceProtocol.swift; sourceTree = "<group>"; };
		181BBC612846E598009BA10C /* ScheduleTableViewCellInput.swift */ = {isa = PBXFileReference; lastKnownFileType = sourcecode.swift; path = ScheduleTableViewCellInput.swift; sourceTree = "<group>"; };
		181BBC632846E5B1009BA10C /* ScheduleTableViewCellOutput.swift */ = {isa = PBXFileReference; lastKnownFileType = sourcecode.swift; path = ScheduleTableViewCellOutput.swift; sourceTree = "<group>"; };
		181BBC6B284A5110009BA10C /* HeaderView.swift */ = {isa = PBXFileReference; lastKnownFileType = sourcecode.swift; path = HeaderView.swift; sourceTree = "<group>"; };
		181F22852853432100CB60EE /* GoogleService-Info.plist */ = {isa = PBXFileReference; fileEncoding = 4; lastKnownFileType = text.plist.xml; path = "GoogleService-Info.plist"; sourceTree = "<group>"; };
		181F22872853441500CB60EE /* UIViewController.swift */ = {isa = PBXFileReference; lastKnownFileType = sourcecode.swift; path = UIViewController.swift; sourceTree = "<group>"; };
		181F22892853446300CB60EE /* AuthProvider.swift */ = {isa = PBXFileReference; lastKnownFileType = sourcecode.swift; path = AuthProvider.swift; sourceTree = "<group>"; };
		181F228B2853447700CB60EE /* UserAuthenticationRequirements.swift */ = {isa = PBXFileReference; lastKnownFileType = sourcecode.swift; path = UserAuthenticationRequirements.swift; sourceTree = "<group>"; };
		181F228D28583C0E00CB60EE /* ru */ = {isa = PBXFileReference; lastKnownFileType = text.plist.strings; name = ru; path = ru.lproj/Main.strings; sourceTree = "<group>"; };
		181F229128583D8000CB60EE /* en */ = {isa = PBXFileReference; lastKnownFileType = text.plist.strings; name = en; path = en.lproj/Localizable.strings; sourceTree = "<group>"; };
		181F229328583D8300CB60EE /* ru */ = {isa = PBXFileReference; lastKnownFileType = text.plist.strings; name = ru; path = ru.lproj/Localizable.strings; sourceTree = "<group>"; };
		182649CE28366CD800D938C1 /* TopEvent.app */ = {isa = PBXFileReference; explicitFileType = wrapper.application; includeInIndex = 0; path = TopEvent.app; sourceTree = BUILT_PRODUCTS_DIR; };
		182649D128366CD800D938C1 /* AppDelegate.swift */ = {isa = PBXFileReference; lastKnownFileType = sourcecode.swift; path = AppDelegate.swift; sourceTree = "<group>"; };
		182649D328366CD800D938C1 /* SceneDelegate.swift */ = {isa = PBXFileReference; lastKnownFileType = sourcecode.swift; path = SceneDelegate.swift; sourceTree = "<group>"; };
		182649D828366CD800D938C1 /* Base */ = {isa = PBXFileReference; lastKnownFileType = file.storyboard; name = Base; path = Base.lproj/Main.storyboard; sourceTree = "<group>"; };
		182649DB28366CD800D938C1 /* TopEvent.xcdatamodel */ = {isa = PBXFileReference; lastKnownFileType = wrapper.xcdatamodel; path = TopEvent.xcdatamodel; sourceTree = "<group>"; };
		182649DD28366CD900D938C1 /* Assets.xcassets */ = {isa = PBXFileReference; lastKnownFileType = folder.assetcatalog; path = Assets.xcassets; sourceTree = "<group>"; };
		182649E028366CD900D938C1 /* Base */ = {isa = PBXFileReference; lastKnownFileType = file.storyboard; name = Base; path = Base.lproj/LaunchScreen.storyboard; sourceTree = "<group>"; };
		182649E228366CD900D938C1 /* Info.plist */ = {isa = PBXFileReference; lastKnownFileType = text.plist.xml; path = Info.plist; sourceTree = "<group>"; };
		182F9948283BA31600F41181 /* ScheduleTableViewController.swift */ = {isa = PBXFileReference; lastKnownFileType = sourcecode.swift; path = ScheduleTableViewController.swift; sourceTree = "<group>"; };
		182F994A283BA3B700F41181 /* ScheduleTableViewCell.swift */ = {isa = PBXFileReference; lastKnownFileType = sourcecode.swift; path = ScheduleTableViewCell.swift; sourceTree = "<group>"; };
		182F994B283BA3B700F41181 /* ScheduleTableViewCell.xib */ = {isa = PBXFileReference; lastKnownFileType = file.xib; path = ScheduleTableViewCell.xib; sourceTree = "<group>"; };
		182F994F283BBE5300F41181 /* User.swift */ = {isa = PBXFileReference; lastKnownFileType = sourcecode.swift; path = User.swift; sourceTree = "<group>"; };
		182F9951283C1C2D00F41181 /* Event.swift */ = {isa = PBXFileReference; lastKnownFileType = sourcecode.swift; path = Event.swift; sourceTree = "<group>"; };
		182F9953283C22B600F41181 /* Speaker.swift */ = {isa = PBXFileReference; lastKnownFileType = sourcecode.swift; path = Speaker.swift; sourceTree = "<group>"; };
		182F9958283CC97000F41181 /* SchedulePresenter.swift */ = {isa = PBXFileReference; lastKnownFileType = sourcecode.swift; path = SchedulePresenter.swift; sourceTree = "<group>"; };
		182F995A283CC9BA00F41181 /* ScheduleInteractor.swift */ = {isa = PBXFileReference; lastKnownFileType = sourcecode.swift; path = ScheduleInteractor.swift; sourceTree = "<group>"; };
		182F995E283CCA3F00F41181 /* ScheduleRouter.swift */ = {isa = PBXFileReference; lastKnownFileType = sourcecode.swift; path = ScheduleRouter.swift; sourceTree = "<group>"; };
		182F99C7284113EA00F41181 /* FormattingUtils.swift */ = {isa = PBXFileReference; lastKnownFileType = sourcecode.swift; path = FormattingUtils.swift; sourceTree = "<group>"; };
		182F99C92841156400F41181 /* EventScheduleFromServer.swift */ = {isa = PBXFileReference; lastKnownFileType = sourcecode.swift; path = EventScheduleFromServer.swift; sourceTree = "<group>"; };
		182F99CB284118E500F41181 /* SpeakerModel+CoreDataClass.swift */ = {isa = PBXFileReference; lastKnownFileType = sourcecode.swift; path = "SpeakerModel+CoreDataClass.swift"; sourceTree = "<group>"; };
		182F99CC284118E500F41181 /* SpeakerModel+CoreDataProperties.swift */ = {isa = PBXFileReference; lastKnownFileType = sourcecode.swift; path = "SpeakerModel+CoreDataProperties.swift"; sourceTree = "<group>"; };
		182F99CF284118E500F41181 /* EventModel+CoreDataClass.swift */ = {isa = PBXFileReference; lastKnownFileType = sourcecode.swift; path = "EventModel+CoreDataClass.swift"; sourceTree = "<group>"; };
		182F99D0284118E500F41181 /* EventModel+CoreDataProperties.swift */ = {isa = PBXFileReference; lastKnownFileType = sourcecode.swift; path = "EventModel+CoreDataProperties.swift"; sourceTree = "<group>"; };
		182F99DC28411CCE00F41181 /* UserModel+CoreDataClass.swift */ = {isa = PBXFileReference; lastKnownFileType = sourcecode.swift; path = "UserModel+CoreDataClass.swift"; sourceTree = "<group>"; };
		182F99DD28411CCE00F41181 /* UserModel+CoreDataProperties.swift */ = {isa = PBXFileReference; lastKnownFileType = sourcecode.swift; path = "UserModel+CoreDataProperties.swift"; sourceTree = "<group>"; };
		182F99E028411DAE00F41181 /* EventStorageService.swift */ = {isa = PBXFileReference; lastKnownFileType = sourcecode.swift; path = EventStorageService.swift; sourceTree = "<group>"; };
		182F99E228438F7100F41181 /* EventStorageServiceProtocol.swift */ = {isa = PBXFileReference; lastKnownFileType = sourcecode.swift; path = EventStorageServiceProtocol.swift; sourceTree = "<group>"; };
		1830D019284F60DF00CEC234 /* Collection.swift */ = {isa = PBXFileReference; lastKnownFileType = sourcecode.swift; path = Collection.swift; sourceTree = "<group>"; };
		262E70EC7B3AC7F9389623CC /* EventDetailsRouterInput.swift */ = {isa = PBXFileReference; includeInIndex = 1; lastKnownFileType = sourcecode.swift; path = EventDetailsRouterInput.swift; sourceTree = "<group>"; };
		2B791F6B25090290569612BD /* AboutSpeakerInteractorInput.swift */ = {isa = PBXFileReference; includeInIndex = 1; lastKnownFileType = sourcecode.swift; path = AboutSpeakerInteractorInput.swift; sourceTree = "<group>"; };
		31E6775D1C9CAFB3A3A4E73E /* EventDetailsInitializer.swift */ = {isa = PBXFileReference; includeInIndex = 1; lastKnownFileType = sourcecode.swift; path = EventDetailsInitializer.swift; sourceTree = "<group>"; };
		34254EFC03CCF10621F6CDD8 /* ScheduleViewOutput.swift */ = {isa = PBXFileReference; includeInIndex = 1; lastKnownFileType = sourcecode.swift; path = ScheduleViewOutput.swift; sourceTree = "<group>"; };
		3B743034094711574B6489C3 /* ScheduleInteractorInput.swift */ = {isa = PBXFileReference; includeInIndex = 1; lastKnownFileType = sourcecode.swift; path = ScheduleInteractorInput.swift; sourceTree = "<group>"; };
		4671C615E6F71B26079065E7 /* AboutSpeakerInteractor.swift */ = {isa = PBXFileReference; includeInIndex = 1; lastKnownFileType = sourcecode.swift; path = AboutSpeakerInteractor.swift; sourceTree = "<group>"; };
		4B76E4F9BF8D63547F543B96 /* EventDetailsConfigurator.swift */ = {isa = PBXFileReference; includeInIndex = 1; lastKnownFileType = sourcecode.swift; path = EventDetailsConfigurator.swift; sourceTree = "<group>"; };
		585160073CA23E65A30804DA /* AboutSpeakerPresenter.swift */ = {isa = PBXFileReference; includeInIndex = 1; lastKnownFileType = sourcecode.swift; path = AboutSpeakerPresenter.swift; sourceTree = "<group>"; };
		5A1476E870EF61E7F6148465 /* Pods-TopEvent.release.xcconfig */ = {isa = PBXFileReference; includeInIndex = 1; lastKnownFileType = text.xcconfig; name = "Pods-TopEvent.release.xcconfig"; path = "Target Support Files/Pods-TopEvent/Pods-TopEvent.release.xcconfig"; sourceTree = "<group>"; };
		660DA75B59FA3C28F67316D7 /* AboutSpeakerViewInput.swift */ = {isa = PBXFileReference; includeInIndex = 1; lastKnownFileType = sourcecode.swift; path = AboutSpeakerViewInput.swift; sourceTree = "<group>"; };
		66F6DCADA43FFE44F93E3A79 /* AboutSpeakerModuleInput.swift */ = {isa = PBXFileReference; includeInIndex = 1; lastKnownFileType = sourcecode.swift; path = AboutSpeakerModuleInput.swift; sourceTree = "<group>"; };
		6A7C6F4679A4BDD89B1D543C /* ScheduleViewInput.swift */ = {isa = PBXFileReference; includeInIndex = 1; lastKnownFileType = sourcecode.swift; path = ScheduleViewInput.swift; sourceTree = "<group>"; };
		740BB398768AA3A3892851C5 /* EventDetailsModuleInput.swift */ = {isa = PBXFileReference; includeInIndex = 1; lastKnownFileType = sourcecode.swift; path = EventDetailsModuleInput.swift; sourceTree = "<group>"; };
		7B3974D2234634637F1F63D6 /* EventDetailsViewController.swift */ = {isa = PBXFileReference; includeInIndex = 1; lastKnownFileType = sourcecode.swift; path = EventDetailsViewController.swift; sourceTree = "<group>"; };
		7BCB1B6F712BF5120AEE6400 /* EventDetailsViewInput.swift */ = {isa = PBXFileReference; includeInIndex = 1; lastKnownFileType = sourcecode.swift; path = EventDetailsViewInput.swift; sourceTree = "<group>"; };
		8ADD02E3E11EF53CD4F015A8 /* EventDetailsInteractor.swift */ = {isa = PBXFileReference; includeInIndex = 1; lastKnownFileType = sourcecode.swift; path = EventDetailsInteractor.swift; sourceTree = "<group>"; };
		8CE3442C9683CD1255BF66AC /* EventDetailsPresenter.swift */ = {isa = PBXFileReference; includeInIndex = 1; lastKnownFileType = sourcecode.swift; path = EventDetailsPresenter.swift; sourceTree = "<group>"; };
		B1B9B8BA50C7527119BCD22B /* AboutSpeakerRouter.swift */ = {isa = PBXFileReference; includeInIndex = 1; lastKnownFileType = sourcecode.swift; path = AboutSpeakerRouter.swift; sourceTree = "<group>"; };
		B286DC6537EAD98E5728A59D /* AboutSpeakerConfigurator.swift */ = {isa = PBXFileReference; includeInIndex = 1; lastKnownFileType = sourcecode.swift; path = AboutSpeakerConfigurator.swift; sourceTree = "<group>"; };
		B9B347FE86EE08874E357377 /* Pods-TopEvent.debug.xcconfig */ = {isa = PBXFileReference; includeInIndex = 1; lastKnownFileType = text.xcconfig; name = "Pods-TopEvent.debug.xcconfig"; path = "Target Support Files/Pods-TopEvent/Pods-TopEvent.debug.xcconfig"; sourceTree = "<group>"; };
		BA8227C2EB8648D63422F134 /* ScheduleConfigurator.swift */ = {isa = PBXFileReference; includeInIndex = 1; lastKnownFileType = sourcecode.swift; path = ScheduleConfigurator.swift; sourceTree = "<group>"; };
		BC1FB01F5E6AA126087EB048 /* AboutSpeakerRouterInput.swift */ = {isa = PBXFileReference; includeInIndex = 1; lastKnownFileType = sourcecode.swift; path = AboutSpeakerRouterInput.swift; sourceTree = "<group>"; };
		C841D51A80E1AC11D53912C0 /* ScheduleInitializer.swift */ = {isa = PBXFileReference; includeInIndex = 1; lastKnownFileType = sourcecode.swift; path = ScheduleInitializer.swift; sourceTree = "<group>"; };
		CBF16A85E2BBC47F4CD57609 /* Pods_TopEvent.framework */ = {isa = PBXFileReference; explicitFileType = wrapper.framework; includeInIndex = 0; path = Pods_TopEvent.framework; sourceTree = BUILT_PRODUCTS_DIR; };
		CF7F3C09D9EFEFEE1F9A7803 /* EventDetailsRouter.swift */ = {isa = PBXFileReference; includeInIndex = 1; lastKnownFileType = sourcecode.swift; path = EventDetailsRouter.swift; sourceTree = "<group>"; };
		D2614DB1CA4CCBED0B17F3A0 /* AboutSpeakerViewController.swift */ = {isa = PBXFileReference; includeInIndex = 1; lastKnownFileType = sourcecode.swift; path = AboutSpeakerViewController.swift; sourceTree = "<group>"; };
		D449CC7CEBFDA8D502C64940 /* EventDetailsInteractorOutput.swift */ = {isa = PBXFileReference; includeInIndex = 1; lastKnownFileType = sourcecode.swift; path = EventDetailsInteractorOutput.swift; sourceTree = "<group>"; };
		E5414A96DE4AA886C6AE39E3 /* AboutSpeakerInteractorOutput.swift */ = {isa = PBXFileReference; includeInIndex = 1; lastKnownFileType = sourcecode.swift; path = AboutSpeakerInteractorOutput.swift; sourceTree = "<group>"; };
		E648C92E1FAAEA41D2879767 /* AboutSpeakerViewOutput.swift */ = {isa = PBXFileReference; includeInIndex = 1; lastKnownFileType = sourcecode.swift; path = AboutSpeakerViewOutput.swift; sourceTree = "<group>"; };
		E90EB73A4FADC4153F1CD5A0 /* EventDetailsViewOutput.swift */ = {isa = PBXFileReference; includeInIndex = 1; lastKnownFileType = sourcecode.swift; path = EventDetailsViewOutput.swift; sourceTree = "<group>"; };
		F3DC1B5F66F00CBEF35ADF96 /* ScheduleInteractorOutput.swift */ = {isa = PBXFileReference; includeInIndex = 1; lastKnownFileType = sourcecode.swift; path = ScheduleInteractorOutput.swift; sourceTree = "<group>"; };
		F51474A0B7A62E6CE9DF0B8E /* EventDetailsInteractorInput.swift */ = {isa = PBXFileReference; includeInIndex = 1; lastKnownFileType = sourcecode.swift; path = EventDetailsInteractorInput.swift; sourceTree = "<group>"; };
		F87BBF5FC9ECA6BD060EB6BB /* ScheduleModuleInput.swift */ = {isa = PBXFileReference; includeInIndex = 1; lastKnownFileType = sourcecode.swift; path = ScheduleModuleInput.swift; sourceTree = "<group>"; };
		FED4E1AF665A5A3E88FA7298 /* ScheduleRouterInput.swift */ = {isa = PBXFileReference; includeInIndex = 1; lastKnownFileType = sourcecode.swift; path = ScheduleRouterInput.swift; sourceTree = "<group>"; };
/* End PBXFileReference section */

/* Begin PBXFrameworksBuildPhase section */
		182649CB28366CD800D938C1 /* Frameworks */ = {
			isa = PBXFrameworksBuildPhase;
			buildActionMask = 2147483647;
			files = (
				F85BAB7CC41F433A8EA7E765 /* Pods_TopEvent.framework in Frameworks */,
			);
			runOnlyForDeploymentPostprocessing = 0;
		};
/* End PBXFrameworksBuildPhase section */

/* Begin PBXGroup section */
		06275711D511B2A2BFA1DF63 /* Frameworks */ = {
			isa = PBXGroup;
			children = (
				CBF16A85E2BBC47F4CD57609 /* Pods_TopEvent.framework */,
			);
			name = Frameworks;
			sourceTree = "<group>";
		};
		113C2CF69156CDDAF7D342A9 /* Presenter */ = {
			isa = PBXGroup;
			children = (
				66F6DCADA43FFE44F93E3A79 /* AboutSpeakerModuleInput.swift */,
				585160073CA23E65A30804DA /* AboutSpeakerPresenter.swift */,
			);
			path = Presenter;
			sourceTree = "<group>";
		};
		1809A30828853F3C0092F719 /* cell */ = {
			isa = PBXGroup;
			children = (
				1809A30928853F870092F719 /* EventDetailsTableViewCell.swift */,
				1809A30A28853F870092F719 /* EventDetailsTableViewCell.xib */,
			);
			path = cell;
			sourceTree = "<group>";
		};
		182649C528366CD800D938C1 = {
			isa = PBXGroup;
			children = (
				182649D028366CD800D938C1 /* TopEvent */,
				182649CF28366CD800D938C1 /* Products */,
				41BE428EC38FD9C9DACD6192 /* Modules */,
				190754CBC27B81119C38D7B0 /* Pods */,
				06275711D511B2A2BFA1DF63 /* Frameworks */,
			);
			sourceTree = "<group>";
		};
		182649CF28366CD800D938C1 /* Products */ = {
			isa = PBXGroup;
			children = (
				182649CE28366CD800D938C1 /* TopEvent.app */,
			);
			name = Products;
			sourceTree = "<group>";
		};
		182649D028366CD800D938C1 /* TopEvent */ = {
			isa = PBXGroup;
			children = (
				1830D018284F603E00CEC234 /* extensions */,
				182F99D7284118F800F41181 /* ManagerStore */,
				182F993F283BA07A00F41181 /* Application */,
				182F9947283BA19700F41181 /* Entities */,
				182649D728366CD800D938C1 /* Main.storyboard */,
				182649DD28366CD900D938C1 /* Assets.xcassets */,
				182649DF28366CD900D938C1 /* LaunchScreen.storyboard */,
				182F99C7284113EA00F41181 /* FormattingUtils.swift */,
				181BBC5F2846E1F6009BA10C /* EventScheduleServiceProtocol.swift */,
				182F99C92841156400F41181 /* EventScheduleFromServer.swift */,
				181F228B2853447700CB60EE /* UserAuthenticationRequirements.swift */,
				1809A306287ECF110092F719 /* AuthorizationMethod.swift */,
				181F22892853446300CB60EE /* AuthProvider.swift */,
				181F22852853432100CB60EE /* GoogleService-Info.plist */,
				182649E228366CD900D938C1 /* Info.plist */,
				182649DA28366CD800D938C1 /* TopEvent.xcdatamodeld */,
			);
			path = TopEvent;
			sourceTree = "<group>";
		};
		182F993F283BA07A00F41181 /* Application */ = {
			isa = PBXGroup;
			children = (
				182649D128366CD800D938C1 /* AppDelegate.swift */,
				182649D328366CD800D938C1 /* SceneDelegate.swift */,
			);
			path = Application;
			sourceTree = "<group>";
		};
		182F9940283BA09A00F41181 /* Schedule */ = {
			isa = PBXGroup;
			children = (
				182F9945283BA17400F41181 /* Interactor */,
				182F9957283CC94600F41181 /* Presenter */,
				182F9943283BA15D00F41181 /* View */,
				182F9942283BA14A00F41181 /* Router */,
				C9A6402BA14E966C5BC03774 /* Configurator */,
			);
			path = Schedule;
			sourceTree = "<group>";
		};
		182F9942283BA14A00F41181 /* Router */ = {
			isa = PBXGroup;
			children = (
				FED4E1AF665A5A3E88FA7298 /* ScheduleRouterInput.swift */,
				182F995E283CCA3F00F41181 /* ScheduleRouter.swift */,
			);
			path = Router;
			sourceTree = "<group>";
		};
		182F9943283BA15D00F41181 /* View */ = {
			isa = PBXGroup;
			children = (
				6A7C6F4679A4BDD89B1D543C /* ScheduleViewInput.swift */,
				34254EFC03CCF10621F6CDD8 /* ScheduleViewOutput.swift */,
				182F9948283BA31600F41181 /* ScheduleTableViewController.swift */,
				181BBC6B284A5110009BA10C /* HeaderView.swift */,
				182F994E283BA3C300F41181 /* Cell */,
				181F229228583D8000CB60EE /* Localizable.strings */,
			);
			path = View;
			sourceTree = "<group>";
		};
		182F9945283BA17400F41181 /* Interactor */ = {
			isa = PBXGroup;
			children = (
				3B743034094711574B6489C3 /* ScheduleInteractorInput.swift */,
				F3DC1B5F66F00CBEF35ADF96 /* ScheduleInteractorOutput.swift */,
				182F995A283CC9BA00F41181 /* ScheduleInteractor.swift */,
			);
			path = Interactor;
			sourceTree = "<group>";
		};
		182F9947283BA19700F41181 /* Entities */ = {
			isa = PBXGroup;
			children = (
				182F994F283BBE5300F41181 /* User.swift */,
				182F9951283C1C2D00F41181 /* Event.swift */,
				182F9953283C22B600F41181 /* Speaker.swift */,
				1809A300287EC9E60092F719 /* ScheduleResponse.swift */,
				1809A302287ECB080092F719 /* EventResponse.swift */,
				1809A304287ECB310092F719 /* SpeakerResponse.swift */,
			);
			path = Entities;
			sourceTree = "<group>";
		};
		182F994E283BA3C300F41181 /* Cell */ = {
			isa = PBXGroup;
			children = (
				181BBC612846E598009BA10C /* ScheduleTableViewCellInput.swift */,
				181BBC632846E5B1009BA10C /* ScheduleTableViewCellOutput.swift */,
				182F994A283BA3B700F41181 /* ScheduleTableViewCell.swift */,
				182F994B283BA3B700F41181 /* ScheduleTableViewCell.xib */,
			);
			path = Cell;
			sourceTree = "<group>";
		};
		182F9957283CC94600F41181 /* Presenter */ = {
			isa = PBXGroup;
			children = (
				F87BBF5FC9ECA6BD060EB6BB /* ScheduleModuleInput.swift */,
				182F9958283CC97000F41181 /* SchedulePresenter.swift */,
			);
			path = Presenter;
			sourceTree = "<group>";
		};
		182F99D7284118F800F41181 /* ManagerStore */ = {
			isa = PBXGroup;
			children = (
				182F99CB284118E500F41181 /* SpeakerModel+CoreDataClass.swift */,
				182F99CC284118E500F41181 /* SpeakerModel+CoreDataProperties.swift */,
				182F99CF284118E500F41181 /* EventModel+CoreDataClass.swift */,
				182F99D0284118E500F41181 /* EventModel+CoreDataProperties.swift */,
				182F99DC28411CCE00F41181 /* UserModel+CoreDataClass.swift */,
				182F99DD28411CCE00F41181 /* UserModel+CoreDataProperties.swift */,
				182F99E228438F7100F41181 /* EventStorageServiceProtocol.swift */,
				182F99E028411DAE00F41181 /* EventStorageService.swift */,
			);
			path = ManagerStore;
			sourceTree = "<group>";
		};
		1830D018284F603E00CEC234 /* extensions */ = {
			isa = PBXGroup;
			children = (
				1830D019284F60DF00CEC234 /* Collection.swift */,
				181F22872853441500CB60EE /* UIViewController.swift */,
				1809A2FE287EC3AA0092F719 /* String.swift */,
			);
			path = extensions;
			sourceTree = "<group>";
		};
		190754CBC27B81119C38D7B0 /* Pods */ = {
			isa = PBXGroup;
			children = (
				B9B347FE86EE08874E357377 /* Pods-TopEvent.debug.xcconfig */,
				5A1476E870EF61E7F6148465 /* Pods-TopEvent.release.xcconfig */,
			);
			path = Pods;
			sourceTree = "<group>";
		};
		29708C92B85DC67D07592FB9 /* Router */ = {
			isa = PBXGroup;
			children = (
				BC1FB01F5E6AA126087EB048 /* AboutSpeakerRouterInput.swift */,
				B1B9B8BA50C7527119BCD22B /* AboutSpeakerRouter.swift */,
			);
			path = Router;
			sourceTree = "<group>";
		};
		30D7B5AA015F3DBA5711C901 /* Configurator */ = {
			isa = PBXGroup;
			children = (
				B286DC6537EAD98E5728A59D /* AboutSpeakerConfigurator.swift */,
				06494936AB9124CDE465B7F3 /* AboutSpeakerInitializer.swift */,
			);
			path = Configurator;
			sourceTree = "<group>";
		};
		41BE428EC38FD9C9DACD6192 /* Modules */ = {
			isa = PBXGroup;
			children = (
				182F9940283BA09A00F41181 /* Schedule */,
				AA2CC1D46F125F97C38242A7 /* EventDetails */,
				51E77E3850869922D085E2EF /* AboutSpeaker */,
			);
			path = Modules;
			sourceTree = "<group>";
		};
		51E77E3850869922D085E2EF /* AboutSpeaker */ = {
			isa = PBXGroup;
			children = (
				ACC368607C92A070672C5AC3 /* View */,
				113C2CF69156CDDAF7D342A9 /* Presenter */,
				99DCCD9EC62D24A34131F349 /* Interactor */,
				29708C92B85DC67D07592FB9 /* Router */,
				30D7B5AA015F3DBA5711C901 /* Configurator */,
			);
			path = AboutSpeaker;
			sourceTree = "<group>";
		};
		7EAB42793CF54B5ED082C0E8 /* Router */ = {
			isa = PBXGroup;
			children = (
				262E70EC7B3AC7F9389623CC /* EventDetailsRouterInput.swift */,
				CF7F3C09D9EFEFEE1F9A7803 /* EventDetailsRouter.swift */,
			);
			path = Router;
			sourceTree = "<group>";
		};
		99DCCD9EC62D24A34131F349 /* Interactor */ = {
			isa = PBXGroup;
			children = (
				2B791F6B25090290569612BD /* AboutSpeakerInteractorInput.swift */,
				E5414A96DE4AA886C6AE39E3 /* AboutSpeakerInteractorOutput.swift */,
				4671C615E6F71B26079065E7 /* AboutSpeakerInteractor.swift */,
			);
			path = Interactor;
			sourceTree = "<group>";
		};
		9EC97347DFA7375760B39B77 /* Configurator */ = {
			isa = PBXGroup;
			children = (
				4B76E4F9BF8D63547F543B96 /* EventDetailsConfigurator.swift */,
				31E6775D1C9CAFB3A3A4E73E /* EventDetailsInitializer.swift */,
			);
			path = Configurator;
			sourceTree = "<group>";
		};
		AA2CC1D46F125F97C38242A7 /* EventDetails */ = {
			isa = PBXGroup;
			children = (
				CF1D400C3AC6118591BFBD19 /* View */,
				B569A000DB4C19E9C6F1E90B /* Presenter */,
				E31E7FAFE0213A02FFD89774 /* Interactor */,
				7EAB42793CF54B5ED082C0E8 /* Router */,
				9EC97347DFA7375760B39B77 /* Configurator */,
			);
			path = EventDetails;
			sourceTree = "<group>";
		};
		ACC368607C92A070672C5AC3 /* View */ = {
			isa = PBXGroup;
			children = (
				660DA75B59FA3C28F67316D7 /* AboutSpeakerViewInput.swift */,
				E648C92E1FAAEA41D2879767 /* AboutSpeakerViewOutput.swift */,
				D2614DB1CA4CCBED0B17F3A0 /* AboutSpeakerViewController.swift */,
			);
			path = View;
			sourceTree = "<group>";
		};
		B569A000DB4C19E9C6F1E90B /* Presenter */ = {
			isa = PBXGroup;
			children = (
				740BB398768AA3A3892851C5 /* EventDetailsModuleInput.swift */,
				8CE3442C9683CD1255BF66AC /* EventDetailsPresenter.swift */,
			);
			path = Presenter;
			sourceTree = "<group>";
		};
		C9A6402BA14E966C5BC03774 /* Configurator */ = {
			isa = PBXGroup;
			children = (
				BA8227C2EB8648D63422F134 /* ScheduleConfigurator.swift */,
				C841D51A80E1AC11D53912C0 /* ScheduleInitializer.swift */,
			);
			path = Configurator;
			sourceTree = "<group>";
		};
		CF1D400C3AC6118591BFBD19 /* View */ = {
			isa = PBXGroup;
			children = (
				1809A30828853F3C0092F719 /* cell */,
				7BCB1B6F712BF5120AEE6400 /* EventDetailsViewInput.swift */,
				E90EB73A4FADC4153F1CD5A0 /* EventDetailsViewOutput.swift */,
				7B3974D2234634637F1F63D6 /* EventDetailsViewController.swift */,
			);
			path = View;
			sourceTree = "<group>";
		};
		E31E7FAFE0213A02FFD89774 /* Interactor */ = {
			isa = PBXGroup;
			children = (
				F51474A0B7A62E6CE9DF0B8E /* EventDetailsInteractorInput.swift */,
				D449CC7CEBFDA8D502C64940 /* EventDetailsInteractorOutput.swift */,
				8ADD02E3E11EF53CD4F015A8 /* EventDetailsInteractor.swift */,
			);
			path = Interactor;
			sourceTree = "<group>";
		};
/* End PBXGroup section */

/* Begin PBXNativeTarget section */
		182649CD28366CD800D938C1 /* TopEvent */ = {
			isa = PBXNativeTarget;
			buildConfigurationList = 182649E528366CD900D938C1 /* Build configuration list for PBXNativeTarget "TopEvent" */;
			buildPhases = (
				2209C8EAFBDCB665A47BD789 /* [CP] Check Pods Manifest.lock */,
				182649CA28366CD800D938C1 /* Sources */,
				182649CB28366CD800D938C1 /* Frameworks */,
				182649CC28366CD800D938C1 /* Resources */,
				DEDD321D582C0C4349B03E5F /* [CP] Embed Pods Frameworks */,
			);
			buildRules = (
			);
			dependencies = (
			);
			name = TopEvent;
			productName = TopEvent;
			productReference = 182649CE28366CD800D938C1 /* TopEvent.app */;
			productType = "com.apple.product-type.application";
		};
/* End PBXNativeTarget section */

/* Begin PBXProject section */
		182649C628366CD800D938C1 /* Project object */ = {
			isa = PBXProject;
			attributes = {
				BuildIndependentTargetsInParallel = 1;
				LastSwiftUpdateCheck = 1330;
				LastUpgradeCheck = 1330;
				TargetAttributes = {
					182649CD28366CD800D938C1 = {
						CreatedOnToolsVersion = 13.3.1;
					};
				};
			};
			buildConfigurationList = 182649C928366CD800D938C1 /* Build configuration list for PBXProject "TopEvent" */;
			compatibilityVersion = "Xcode 13.0";
			developmentRegion = en;
			hasScannedForEncodings = 0;
			knownRegions = (
				en,
				Base,
				ru,
			);
			mainGroup = 182649C528366CD800D938C1;
			productRefGroup = 182649CF28366CD800D938C1 /* Products */;
			projectDirPath = "";
			projectRoot = "";
			targets = (
				182649CD28366CD800D938C1 /* TopEvent */,
			);
		};
/* End PBXProject section */

/* Begin PBXResourcesBuildPhase section */
		182649CC28366CD800D938C1 /* Resources */ = {
			isa = PBXResourcesBuildPhase;
			buildActionMask = 2147483647;
			files = (
				182649E128366CD900D938C1 /* LaunchScreen.storyboard in Resources */,
				181F229028583D8000CB60EE /* Localizable.strings in Resources */,
				1809A30C28853F870092F719 /* EventDetailsTableViewCell.xib in Resources */,
				182649DE28366CD900D938C1 /* Assets.xcassets in Resources */,
				181F22862853432100CB60EE /* GoogleService-Info.plist in Resources */,
				182F994D283BA3B700F41181 /* ScheduleTableViewCell.xib in Resources */,
				182649D928366CD800D938C1 /* Main.storyboard in Resources */,
			);
			runOnlyForDeploymentPostprocessing = 0;
		};
/* End PBXResourcesBuildPhase section */

/* Begin PBXShellScriptBuildPhase section */
		2209C8EAFBDCB665A47BD789 /* [CP] Check Pods Manifest.lock */ = {
			isa = PBXShellScriptBuildPhase;
			buildActionMask = 2147483647;
			files = (
			);
			inputFileListPaths = (
			);
			inputPaths = (
				"${PODS_PODFILE_DIR_PATH}/Podfile.lock",
				"${PODS_ROOT}/Manifest.lock",
			);
			name = "[CP] Check Pods Manifest.lock";
			outputFileListPaths = (
			);
			outputPaths = (
				"$(DERIVED_FILE_DIR)/Pods-TopEvent-checkManifestLockResult.txt",
			);
			runOnlyForDeploymentPostprocessing = 0;
			shellPath = /bin/sh;
			shellScript = "diff \"${PODS_PODFILE_DIR_PATH}/Podfile.lock\" \"${PODS_ROOT}/Manifest.lock\" > /dev/null\nif [ $? != 0 ] ; then\n    # print error to STDERR\n    echo \"error: The sandbox is not in sync with the Podfile.lock. Run 'pod install' or update your CocoaPods installation.\" >&2\n    exit 1\nfi\n# This output is used by Xcode 'outputs' to avoid re-running this script phase.\necho \"SUCCESS\" > \"${SCRIPT_OUTPUT_FILE_0}\"\n";
			showEnvVarsInLog = 0;
		};
		DEDD321D582C0C4349B03E5F /* [CP] Embed Pods Frameworks */ = {
			isa = PBXShellScriptBuildPhase;
			buildActionMask = 2147483647;
			files = (
			);
			inputFileListPaths = (
				"${PODS_ROOT}/Target Support Files/Pods-TopEvent/Pods-TopEvent-frameworks-${CONFIGURATION}-input-files.xcfilelist",
			);
			name = "[CP] Embed Pods Frameworks";
			outputFileListPaths = (
				"${PODS_ROOT}/Target Support Files/Pods-TopEvent/Pods-TopEvent-frameworks-${CONFIGURATION}-output-files.xcfilelist",
			);
			runOnlyForDeploymentPostprocessing = 0;
			shellPath = /bin/sh;
			shellScript = "\"${PODS_ROOT}/Target Support Files/Pods-TopEvent/Pods-TopEvent-frameworks.sh\"\n";
			showEnvVarsInLog = 0;
		};
/* End PBXShellScriptBuildPhase section */

/* Begin PBXSourcesBuildPhase section */
		182649CA28366CD800D938C1 /* Sources */ = {
			isa = PBXSourcesBuildPhase;
			buildActionMask = 2147483647;
			files = (
				182F99C8284113EA00F41181 /* FormattingUtils.swift in Sources */,
				182F9949283BA31600F41181 /* ScheduleTableViewController.swift in Sources */,
				181F228A2853446300CB60EE /* AuthProvider.swift in Sources */,
				182F994C283BA3B700F41181 /* ScheduleTableViewCell.swift in Sources */,
				1809A2FF287EC3AA0092F719 /* String.swift in Sources */,
				181BBC622846E598009BA10C /* ScheduleTableViewCellInput.swift in Sources */,
				182F9950283BBE5300F41181 /* User.swift in Sources */,
				182F995F283CCA3F00F41181 /* ScheduleRouter.swift in Sources */,
				182F9954283C22B600F41181 /* Speaker.swift in Sources */,
				181BBC6C284A5110009BA10C /* HeaderView.swift in Sources */,
				182649D228366CD800D938C1 /* AppDelegate.swift in Sources */,
				182F99D2284118E500F41181 /* SpeakerModel+CoreDataProperties.swift in Sources */,
				182649DC28366CD800D938C1 /* TopEvent.xcdatamodeld in Sources */,
				182F9959283CC97000F41181 /* SchedulePresenter.swift in Sources */,
				182F99DF28411CCE00F41181 /* UserModel+CoreDataProperties.swift in Sources */,
				182F9952283C1C2D00F41181 /* Event.swift in Sources */,
				182F995B283CC9BA00F41181 /* ScheduleInteractor.swift in Sources */,
				182649D428366CD800D938C1 /* SceneDelegate.swift in Sources */,
				182F99D1284118E500F41181 /* SpeakerModel+CoreDataClass.swift in Sources */,
				181BBC602846E1F6009BA10C /* EventScheduleServiceProtocol.swift in Sources */,
				182F99D6284118E500F41181 /* EventModel+CoreDataProperties.swift in Sources */,
				1830D01A284F60DF00CEC234 /* Collection.swift in Sources */,
				182F99CA2841156400F41181 /* EventScheduleFromServer.swift in Sources */,
				409398A727EA7C71FA7D6322 /* ScheduleViewInput.swift in Sources */,
				182F99D5284118E500F41181 /* EventModel+CoreDataClass.swift in Sources */,
				275825B1E2833821E365FE40 /* ScheduleViewOutput.swift in Sources */,
				E0B0A8CAF6283091F51A5EB3 /* ScheduleModuleInput.swift in Sources */,
				181BBC642846E5B1009BA10C /* ScheduleTableViewCellOutput.swift in Sources */,
				6AC369BD69FCE52856FB3B11 /* ScheduleInteractorInput.swift in Sources */,
				9AAAD521277CE15595B01F79 /* ScheduleInteractorOutput.swift in Sources */,
				182F99DE28411CCE00F41181 /* UserModel+CoreDataClass.swift in Sources */,
				181F228C2853447700CB60EE /* UserAuthenticationRequirements.swift in Sources */,
				D7836FA4FD7DDB55308DA33B /* ScheduleRouterInput.swift in Sources */,
				182F99E128411DAE00F41181 /* EventStorageService.swift in Sources */,
				181F22882853441500CB60EE /* UIViewController.swift in Sources */,
				182F99E328438F7100F41181 /* EventStorageServiceProtocol.swift in Sources */,
				0864842251EFE6DAC1A797DC /* ScheduleConfigurator.swift in Sources */,
				ABE8FFB8B824A2882CB3DF70 /* ScheduleInitializer.swift in Sources */,
				B42A292B4007A12A43D8FA28 /* EventDetailsViewInput.swift in Sources */,
				520EAC78C69E777581D4EAC4 /* EventDetailsViewOutput.swift in Sources */,
				7B770E295FE6D6F468EFEA8A /* EventDetailsViewController.swift in Sources */,
				762434D2DF5C006B74F1D947 /* EventDetailsModuleInput.swift in Sources */,
				BECF19BF6731175228BD7422 /* EventDetailsPresenter.swift in Sources */,
				8B177FF20C1DEF67B8E0F269 /* EventDetailsInteractorInput.swift in Sources */,
				797AFD848C48A2EBA1C81FBC /* EventDetailsInteractorOutput.swift in Sources */,
				1B5EA7D003C1AF220BEA15DD /* EventDetailsInteractor.swift in Sources */,
				0F80E1C76A9A10F8BA51E9DE /* EventDetailsRouterInput.swift in Sources */,
				1809A305287ECB310092F719 /* SpeakerResponse.swift in Sources */,
				E013214B8752BB0994B9026E /* EventDetailsRouter.swift in Sources */,
				B52FDFE66BBAB5F62E590BAA /* EventDetailsConfigurator.swift in Sources */,
				B87C89C10916942E4AFA8BC6 /* EventDetailsInitializer.swift in Sources */,
				839E3997DBD7F7A01AE52E7E /* AboutSpeakerViewInput.swift in Sources */,
				3F0E9199602C07B7A8772132 /* AboutSpeakerViewOutput.swift in Sources */,
				9372ECA4F93D5C9948AA3793 /* AboutSpeakerViewController.swift in Sources */,
				02B21EE302AF352E449B7261 /* AboutSpeakerModuleInput.swift in Sources */,
				2854E07BD8B1136790D453B7 /* AboutSpeakerPresenter.swift in Sources */,
				F24AE5C845390BD208513287 /* AboutSpeakerInteractorInput.swift in Sources */,
				01BCB699A0679B5D7DA9EA2D /* AboutSpeakerInteractorOutput.swift in Sources */,
				9AC1E76275E117E115FFA66D /* AboutSpeakerInteractor.swift in Sources */,
				14B07DF048CDFFEE8DA5D44D /* AboutSpeakerRouterInput.swift in Sources */,
				1809A30B28853F870092F719 /* EventDetailsTableViewCell.swift in Sources */,
				1809A307287ECF110092F719 /* AuthorizationMethod.swift in Sources */,
				1809A301287EC9E60092F719 /* ScheduleResponse.swift in Sources */,
				B0976110949AD592E11CEE7D /* AboutSpeakerRouter.swift in Sources */,
				3640ACBF297A467216D81393 /* AboutSpeakerConfigurator.swift in Sources */,
				D7D496E8D10A16D97AF0A07C /* AboutSpeakerInitializer.swift in Sources */,
				1809A303287ECB080092F719 /* EventResponse.swift in Sources */,
			);
			runOnlyForDeploymentPostprocessing = 0;
		};
/* End PBXSourcesBuildPhase section */

/* Begin PBXVariantGroup section */
		181F229228583D8000CB60EE /* Localizable.strings */ = {
			isa = PBXVariantGroup;
			children = (
				181F229128583D8000CB60EE /* en */,
				181F229328583D8300CB60EE /* ru */,
			);
			name = Localizable.strings;
			sourceTree = "<group>";
		};
		182649D728366CD800D938C1 /* Main.storyboard */ = {
			isa = PBXVariantGroup;
			children = (
				182649D828366CD800D938C1 /* Base */,
				181F228D28583C0E00CB60EE /* ru */,
			);
			name = Main.storyboard;
			sourceTree = "<group>";
		};
		182649DF28366CD900D938C1 /* LaunchScreen.storyboard */ = {
			isa = PBXVariantGroup;
			children = (
				182649E028366CD900D938C1 /* Base */,
			);
			name = LaunchScreen.storyboard;
			sourceTree = "<group>";
		};
/* End PBXVariantGroup section */

/* Begin XCBuildConfiguration section */
		182649E328366CD900D938C1 /* Debug */ = {
			isa = XCBuildConfiguration;
			buildSettings = {
				ALWAYS_SEARCH_USER_PATHS = NO;
				CLANG_ANALYZER_LOCALIZABILITY_NONLOCALIZED = YES;
				CLANG_ANALYZER_NONNULL = YES;
				CLANG_ANALYZER_NUMBER_OBJECT_CONVERSION = YES_AGGRESSIVE;
				CLANG_CXX_LANGUAGE_STANDARD = "gnu++17";
				CLANG_ENABLE_MODULES = YES;
				CLANG_ENABLE_OBJC_ARC = YES;
				CLANG_ENABLE_OBJC_WEAK = YES;
				CLANG_WARN_BLOCK_CAPTURE_AUTORELEASING = YES;
				CLANG_WARN_BOOL_CONVERSION = YES;
				CLANG_WARN_COMMA = YES;
				CLANG_WARN_CONSTANT_CONVERSION = YES;
				CLANG_WARN_DEPRECATED_OBJC_IMPLEMENTATIONS = YES;
				CLANG_WARN_DIRECT_OBJC_ISA_USAGE = YES_ERROR;
				CLANG_WARN_DOCUMENTATION_COMMENTS = YES;
				CLANG_WARN_EMPTY_BODY = YES;
				CLANG_WARN_ENUM_CONVERSION = YES;
				CLANG_WARN_INFINITE_RECURSION = YES;
				CLANG_WARN_INT_CONVERSION = YES;
				CLANG_WARN_NON_LITERAL_NULL_CONVERSION = YES;
				CLANG_WARN_OBJC_IMPLICIT_RETAIN_SELF = YES;
				CLANG_WARN_OBJC_LITERAL_CONVERSION = YES;
				CLANG_WARN_OBJC_ROOT_CLASS = YES_ERROR;
				CLANG_WARN_QUOTED_INCLUDE_IN_FRAMEWORK_HEADER = YES;
				CLANG_WARN_RANGE_LOOP_ANALYSIS = YES;
				CLANG_WARN_STRICT_PROTOTYPES = YES;
				CLANG_WARN_SUSPICIOUS_MOVE = YES;
				CLANG_WARN_UNGUARDED_AVAILABILITY = YES_AGGRESSIVE;
				CLANG_WARN_UNREACHABLE_CODE = YES;
				CLANG_WARN__DUPLICATE_METHOD_MATCH = YES;
				COPY_PHASE_STRIP = NO;
				DEBUG_INFORMATION_FORMAT = dwarf;
				ENABLE_STRICT_OBJC_MSGSEND = YES;
				ENABLE_TESTABILITY = YES;
				GCC_C_LANGUAGE_STANDARD = gnu11;
				GCC_DYNAMIC_NO_PIC = NO;
				GCC_NO_COMMON_BLOCKS = YES;
				GCC_OPTIMIZATION_LEVEL = 0;
				GCC_PREPROCESSOR_DEFINITIONS = (
					"DEBUG=1",
					"$(inherited)",
				);
				GCC_WARN_64_TO_32_BIT_CONVERSION = YES;
				GCC_WARN_ABOUT_RETURN_TYPE = YES_ERROR;
				GCC_WARN_UNDECLARED_SELECTOR = YES;
				GCC_WARN_UNINITIALIZED_AUTOS = YES_AGGRESSIVE;
				GCC_WARN_UNUSED_FUNCTION = YES;
				GCC_WARN_UNUSED_VARIABLE = YES;
				IPHONEOS_DEPLOYMENT_TARGET = 15.4;
				MTL_ENABLE_DEBUG_INFO = INCLUDE_SOURCE;
				MTL_FAST_MATH = YES;
				ONLY_ACTIVE_ARCH = YES;
				SDKROOT = iphoneos;
				SWIFT_ACTIVE_COMPILATION_CONDITIONS = DEBUG;
				SWIFT_OPTIMIZATION_LEVEL = "-Onone";
			};
			name = Debug;
		};
		182649E428366CD900D938C1 /* Release */ = {
			isa = XCBuildConfiguration;
			buildSettings = {
				ALWAYS_SEARCH_USER_PATHS = NO;
				CLANG_ANALYZER_LOCALIZABILITY_NONLOCALIZED = YES;
				CLANG_ANALYZER_NONNULL = YES;
				CLANG_ANALYZER_NUMBER_OBJECT_CONVERSION = YES_AGGRESSIVE;
				CLANG_CXX_LANGUAGE_STANDARD = "gnu++17";
				CLANG_ENABLE_MODULES = YES;
				CLANG_ENABLE_OBJC_ARC = YES;
				CLANG_ENABLE_OBJC_WEAK = YES;
				CLANG_WARN_BLOCK_CAPTURE_AUTORELEASING = YES;
				CLANG_WARN_BOOL_CONVERSION = YES;
				CLANG_WARN_COMMA = YES;
				CLANG_WARN_CONSTANT_CONVERSION = YES;
				CLANG_WARN_DEPRECATED_OBJC_IMPLEMENTATIONS = YES;
				CLANG_WARN_DIRECT_OBJC_ISA_USAGE = YES_ERROR;
				CLANG_WARN_DOCUMENTATION_COMMENTS = YES;
				CLANG_WARN_EMPTY_BODY = YES;
				CLANG_WARN_ENUM_CONVERSION = YES;
				CLANG_WARN_INFINITE_RECURSION = YES;
				CLANG_WARN_INT_CONVERSION = YES;
				CLANG_WARN_NON_LITERAL_NULL_CONVERSION = YES;
				CLANG_WARN_OBJC_IMPLICIT_RETAIN_SELF = YES;
				CLANG_WARN_OBJC_LITERAL_CONVERSION = YES;
				CLANG_WARN_OBJC_ROOT_CLASS = YES_ERROR;
				CLANG_WARN_QUOTED_INCLUDE_IN_FRAMEWORK_HEADER = YES;
				CLANG_WARN_RANGE_LOOP_ANALYSIS = YES;
				CLANG_WARN_STRICT_PROTOTYPES = YES;
				CLANG_WARN_SUSPICIOUS_MOVE = YES;
				CLANG_WARN_UNGUARDED_AVAILABILITY = YES_AGGRESSIVE;
				CLANG_WARN_UNREACHABLE_CODE = YES;
				CLANG_WARN__DUPLICATE_METHOD_MATCH = YES;
				COPY_PHASE_STRIP = NO;
				DEBUG_INFORMATION_FORMAT = "dwarf-with-dsym";
				ENABLE_NS_ASSERTIONS = NO;
				ENABLE_STRICT_OBJC_MSGSEND = YES;
				GCC_C_LANGUAGE_STANDARD = gnu11;
				GCC_NO_COMMON_BLOCKS = YES;
				GCC_WARN_64_TO_32_BIT_CONVERSION = YES;
				GCC_WARN_ABOUT_RETURN_TYPE = YES_ERROR;
				GCC_WARN_UNDECLARED_SELECTOR = YES;
				GCC_WARN_UNINITIALIZED_AUTOS = YES_AGGRESSIVE;
				GCC_WARN_UNUSED_FUNCTION = YES;
				GCC_WARN_UNUSED_VARIABLE = YES;
				IPHONEOS_DEPLOYMENT_TARGET = 15.4;
				MTL_ENABLE_DEBUG_INFO = NO;
				MTL_FAST_MATH = YES;
				SDKROOT = iphoneos;
				SWIFT_COMPILATION_MODE = wholemodule;
				SWIFT_OPTIMIZATION_LEVEL = "-O";
				VALIDATE_PRODUCT = YES;
			};
			name = Release;
		};
		182649E628366CD900D938C1 /* Debug */ = {
			isa = XCBuildConfiguration;
			baseConfigurationReference = B9B347FE86EE08874E357377 /* Pods-TopEvent.debug.xcconfig */;
			buildSettings = {
				ASSETCATALOG_COMPILER_APPICON_NAME = AppIcon;
				ASSETCATALOG_COMPILER_GLOBAL_ACCENT_COLOR_NAME = AccentColor;
				CODE_SIGN_STYLE = Automatic;
				CURRENT_PROJECT_VERSION = 1;
				DEVELOPMENT_TEAM = 7B6G79AGU6;
				GENERATE_INFOPLIST_FILE = YES;
				INFOPLIST_FILE = TopEvent/Info.plist;
				INFOPLIST_KEY_CFBundleDisplayName = Conference;
				INFOPLIST_KEY_UIApplicationSupportsIndirectInputEvents = YES;
				INFOPLIST_KEY_UILaunchStoryboardName = LaunchScreen;
				INFOPLIST_KEY_UIMainStoryboardFile = Main;
				INFOPLIST_KEY_UISupportedInterfaceOrientations_iPad = "UIInterfaceOrientationPortrait UIInterfaceOrientationPortraitUpsideDown UIInterfaceOrientationLandscapeLeft UIInterfaceOrientationLandscapeRight";
				INFOPLIST_KEY_UISupportedInterfaceOrientations_iPhone = "UIInterfaceOrientationPortrait UIInterfaceOrientationLandscapeLeft UIInterfaceOrientationLandscapeRight";
				LD_RUNPATH_SEARCH_PATHS = (
					"$(inherited)",
					"@executable_path/Frameworks",
				);
				MARKETING_VERSION = 1.0;
				PRODUCT_BUNDLE_IDENTIFIER = PatrakovVladislavVadimovich.TopEvent;
				PRODUCT_NAME = "$(TARGET_NAME)";
				SWIFT_EMIT_LOC_STRINGS = YES;
				SWIFT_VERSION = 5.0;
				TARGETED_DEVICE_FAMILY = "1,2";
			};
			name = Debug;
		};
		182649E728366CD900D938C1 /* Release */ = {
			isa = XCBuildConfiguration;
			baseConfigurationReference = 5A1476E870EF61E7F6148465 /* Pods-TopEvent.release.xcconfig */;
			buildSettings = {
				ASSETCATALOG_COMPILER_APPICON_NAME = AppIcon;
				ASSETCATALOG_COMPILER_GLOBAL_ACCENT_COLOR_NAME = AccentColor;
				CODE_SIGN_STYLE = Automatic;
				CURRENT_PROJECT_VERSION = 1;
				DEVELOPMENT_TEAM = 7B6G79AGU6;
				GENERATE_INFOPLIST_FILE = YES;
				INFOPLIST_FILE = TopEvent/Info.plist;
				INFOPLIST_KEY_CFBundleDisplayName = Conference;
				INFOPLIST_KEY_UIApplicationSupportsIndirectInputEvents = YES;
				INFOPLIST_KEY_UILaunchStoryboardName = LaunchScreen;
				INFOPLIST_KEY_UIMainStoryboardFile = Main;
				INFOPLIST_KEY_UISupportedInterfaceOrientations_iPad = "UIInterfaceOrientationPortrait UIInterfaceOrientationPortraitUpsideDown UIInterfaceOrientationLandscapeLeft UIInterfaceOrientationLandscapeRight";
				INFOPLIST_KEY_UISupportedInterfaceOrientations_iPhone = "UIInterfaceOrientationPortrait UIInterfaceOrientationLandscapeLeft UIInterfaceOrientationLandscapeRight";
				LD_RUNPATH_SEARCH_PATHS = (
					"$(inherited)",
					"@executable_path/Frameworks",
				);
				MARKETING_VERSION = 1.0;
				PRODUCT_BUNDLE_IDENTIFIER = PatrakovVladislavVadimovich.TopEvent;
				PRODUCT_NAME = "$(TARGET_NAME)";
				SWIFT_EMIT_LOC_STRINGS = YES;
				SWIFT_VERSION = 5.0;
				TARGETED_DEVICE_FAMILY = "1,2";
			};
			name = Release;
		};
/* End XCBuildConfiguration section */

/* Begin XCConfigurationList section */
		182649C928366CD800D938C1 /* Build configuration list for PBXProject "TopEvent" */ = {
			isa = XCConfigurationList;
			buildConfigurations = (
				182649E328366CD900D938C1 /* Debug */,
				182649E428366CD900D938C1 /* Release */,
			);
			defaultConfigurationIsVisible = 0;
			defaultConfigurationName = Release;
		};
		182649E528366CD900D938C1 /* Build configuration list for PBXNativeTarget "TopEvent" */ = {
			isa = XCConfigurationList;
			buildConfigurations = (
				182649E628366CD900D938C1 /* Debug */,
				182649E728366CD900D938C1 /* Release */,
			);
			defaultConfigurationIsVisible = 0;
			defaultConfigurationName = Release;
		};
/* End XCConfigurationList section */

/* Begin XCVersionGroup section */
		182649DA28366CD800D938C1 /* TopEvent.xcdatamodeld */ = {
			isa = XCVersionGroup;
			children = (
				182649DB28366CD800D938C1 /* TopEvent.xcdatamodel */,
			);
			currentVersion = 182649DB28366CD800D938C1 /* TopEvent.xcdatamodel */;
			path = TopEvent.xcdatamodeld;
			sourceTree = "<group>";
			versionGroupType = wrapper.xcdatamodel;
		};
/* End XCVersionGroup section */
	};
	rootObject = 182649C628366CD800D938C1 /* Project object */;
}
